
Microsoft Visual Studio Solution File, Format Version 12.00
# Visual Studio Version 17
VisualStudioVersion = 17.3.32922.545
MinimumVisualStudioVersion = 10.0.40219.1
Project("{8BC9CEB8-8B4A-11D0-8D11-00A0C91BC942}") = "1", "1\1.vcxproj", "{89752E68-178B-4714-8D18-A7B01DFC4E07}"
EndProject
Project("{8BC9CEB8-8B4A-11D0-8D11-00A0C91BC942}") = "2", "2\2.vcxproj", "{D3A88851-1B05-4E84-AA6C-79184E00D08A}"
EndProject
Project("{8BC9CEB8-8B4A-11D0-8D11-00A0C91BC942}") = "3", "3.c\3.c.vcxproj", "{9B1CB2C2-2B3A-4702-9376-A3ADF469D826}"
EndProject
Project("{8BC9CEB8-8B4A-11D0-8D11-00A0C91BC942}") = "4", "4\4.vcxproj", "{9E4DC4AA-5056-4289-9488-924C9397691B}"
EndProject
Project("{8BC9CEB8-8B4A-11D0-8D11-00A0C91BC942}") = "5", "5.c\5.c.vcxproj", "{D97C3DCD-E1FA-4FA7-8104-6807AEB66522}"
EndProject
Project("{8BC9CEB8-8B4A-11D0-8D11-00A0C91BC942}") = "6", "6\6.vcxproj", "{7CB67ECB-EABC-424E-B8E0-CEB3F882ED51}"
EndProject
Project("{8BC9CEB8-8B4A-11D0-8D11-00A0C91BC942}") = "7", "7\7.vcxproj", "{23849BAC-A1D9-4177-B5B5-5D70CD53581E}"
EndProject
Project("{8BC9CEB8-8B4A-11D0-8D11-00A0C91BC942}") = "8", "8\8.vcxproj", "{AE35A428-A8A2-40F0-A7C6-630B0DCFF10C}"
EndProject
Project("{8BC9CEB8-8B4A-11D0-8D11-00A0C91BC942}") = "9", "9\9.vcxproj", "{FBB68349-7F92-45FC-8C1F-0BF1606F57C6}"
EndProject
Project("{8BC9CEB8-8B4A-11D0-8D11-00A0C91BC942}") = "10", "10\10.vcxproj", "{7657C155-2926-4432-8298-AFB672426424}"
EndProject
Project("{8BC9CEB8-8B4A-11D0-8D11-00A0C91BC942}") = "11", "11\11.vcxproj", "{EF38A5A1-50F5-48B5-8BBE-38CD19BDA08D}"
EndProject
Global
	GlobalSection(SolutionConfigurationPlatforms) = preSolution
		Debug|x64 = Debug|x64
		Debug|x86 = Debug|x86
		Release|x64 = Release|x64
		Release|x86 = Release|x86
	EndGlobalSection
	GlobalSection(ProjectConfigurationPlatforms) = postSolution
		{89752E68-178B-4714-8D18-A7B01DFC4E07}.Debug|x64.ActiveCfg = Debug|x64
		{89752E68-178B-4714-8D18-A7B01DFC4E07}.Debug|x64.Build.0 = Debug|x64
		{89752E68-178B-4714-8D18-A7B01DFC4E07}.Debug|x86.ActiveCfg = Debug|Win32
		{89752E68-178B-4714-8D18-A7B01DFC4E07}.Debug|x86.Build.0 = Debug|Win32
		{89752E68-178B-4714-8D18-A7B01DFC4E07}.Release|x64.ActiveCfg = Release|x64
		{89752E68-178B-4714-8D18-A7B01DFC4E07}.Release|x64.Build.0 = Release|x64
		{89752E68-178B-4714-8D18-A7B01DFC4E07}.Release|x86.ActiveCfg = Release|Win32
		{89752E68-178B-4714-8D18-A7B01DFC4E07}.Release|x86.Build.0 = Release|Win32
		{D3A88851-1B05-4E84-AA6C-79184E00D08A}.Debug|x64.ActiveCfg = Debug|x64
		{D3A88851-1B05-4E84-AA6C-79184E00D08A}.Debug|x64.Build.0 = Debug|x64
		{D3A88851-1B05-4E84-AA6C-79184E00D08A}.Debug|x86.ActiveCfg = Debug|Win32
		{D3A88851-1B05-4E84-AA6C-79184E00D08A}.Debug|x86.Build.0 = Debug|Win32
		{D3A88851-1B05-4E84-AA6C-79184E00D08A}.Release|x64.ActiveCfg = Release|x64
		{D3A88851-1B05-4E84-AA6C-79184E00D08A}.Release|x64.Build.0 = Release|x64
		{D3A88851-1B05-4E84-AA6C-79184E00D08A}.Release|x86.ActiveCfg = Release|Win32
		{D3A88851-1B05-4E84-AA6C-79184E00D08A}.Release|x86.Build.0 = Release|Win32
		{9B1CB2C2-2B3A-4702-9376-A3ADF469D826}.Debug|x64.ActiveCfg = Debug|x64
		{9B1CB2C2-2B3A-4702-9376-A3ADF469D826}.Debug|x64.Build.0 = Debug|x64
		{9B1CB2C2-2B3A-4702-9376-A3ADF469D826}.Debug|x86.ActiveCfg = Debug|Win32
		{9B1CB2C2-2B3A-4702-9376-A3ADF469D826}.Debug|x86.Build.0 = Debug|Win32
		{9B1CB2C2-2B3A-4702-9376-A3ADF469D826}.Release|x64.ActiveCfg = Release|x64
		{9B1CB2C2-2B3A-4702-9376-A3ADF469D826}.Release|x64.Build.0 = Release|x64
		{9B1CB2C2-2B3A-4702-9376-A3ADF469D826}.Release|x86.ActiveCfg = Release|Win32
		{9B1CB2C2-2B3A-4702-9376-A3ADF469D826}.Release|x86.Build.0 = Release|Win32
		{9E4DC4AA-5056-4289-9488-924C9397691B}.Debug|x64.ActiveCfg = Debug|x64
		{9E4DC4AA-5056-4289-9488-924C9397691B}.Debug|x64.Build.0 = Debug|x64
		{9E4DC4AA-5056-4289-9488-924C9397691B}.Debug|x86.ActiveCfg = Debug|Win32
		{9E4DC4AA-5056-4289-9488-924C9397691B}.Debug|x86.Build.0 = Debug|Win32
		{9E4DC4AA-5056-4289-9488-924C9397691B}.Release|x64.ActiveCfg = Release|x64
		{9E4DC4AA-5056-4289-9488-924C9397691B}.Release|x64.Build.0 = Release|x64
		{9E4DC4AA-5056-4289-9488-924C9397691B}.Release|x86.ActiveCfg = Release|Win32
		{9E4DC4AA-5056-4289-9488-924C9397691B}.Release|x86.Build.0 = Release|Win32
		{D97C3DCD-E1FA-4FA7-8104-6807AEB66522}.Debug|x64.ActiveCfg = Debug|x64
		{D97C3DCD-E1FA-4FA7-8104-6807AEB66522}.Debug|x64.Build.0 = Debug|x64
		{D97C3DCD-E1FA-4FA7-8104-6807AEB66522}.Debug|x86.ActiveCfg = Debug|Win32
		{D97C3DCD-E1FA-4FA7-8104-6807AEB66522}.Debug|x86.Build.0 = Debug|Win32
		{D97C3DCD-E1FA-4FA7-8104-6807AEB66522}.Release|x64.ActiveCfg = Release|x64
		{D97C3DCD-E1FA-4FA7-8104-6807AEB66522}.Release|x64.Build.0 = Release|x64
		{D97C3DCD-E1FA-4FA7-8104-6807AEB66522}.Release|x86.ActiveCfg = Release|Win32
		{D97C3DCD-E1FA-4FA7-8104-6807AEB66522}.Release|x86.Build.0 = Release|Win32
		{7CB67ECB-EABC-424E-B8E0-CEB3F882ED51}.Debug|x64.ActiveCfg = Debug|x64
		{7CB67ECB-EABC-424E-B8E0-CEB3F882ED51}.Debug|x64.Build.0 = Debug|x64
		{7CB67ECB-EABC-424E-B8E0-CEB3F882ED51}.Debug|x86.ActiveCfg = Debug|Win32
		{7CB67ECB-EABC-424E-B8E0-CEB3F882ED51}.Debug|x86.Build.0 = Debug|Win32
		{7CB67ECB-EABC-424E-B8E0-CEB3F882ED51}.Release|x64.ActiveCfg = Release|x64
		{7CB67ECB-EABC-424E-B8E0-CEB3F882ED51}.Release|x64.Build.0 = Release|x64
		{7CB67ECB-EABC-424E-B8E0-CEB3F882ED51}.Release|x86.ActiveCfg = Release|Win32
		{7CB67ECB-EABC-424E-B8E0-CEB3F882ED51}.Release|x86.Build.0 = Release|Win32
		{23849BAC-A1D9-4177-B5B5-5D70CD53581E}.Debug|x64.ActiveCfg = Debug|x64
		{23849BAC-A1D9-4177-B5B5-5D70CD53581E}.Debug|x64.Build.0 = Debug|x64
		{23849BAC-A1D9-4177-B5B5-5D70CD53581E}.Debug|x86.ActiveCfg = Debug|Win32
		{23849BAC-A1D9-4177-B5B5-5D70CD53581E}.Debug|x86.Build.0 = Debug|Win32
		{23849BAC-A1D9-4177-B5B5-5D70CD53581E}.Release|x64.ActiveCfg = Release|x64
		{23849BAC-A1D9-4177-B5B5-5D70CD53581E}.Release|x64.Build.0 = Release|x64
		{23849BAC-A1D9-4177-B5B5-5D70CD53581E}.Release|x86.ActiveCfg = Release|Win32
		{23849BAC-A1D9-4177-B5B5-5D70CD53581E}.Release|x86.Build.0 = Release|Win32
		{AE35A428-A8A2-40F0-A7C6-630B0DCFF10C}.Debug|x64.ActiveCfg = Debug|x64
		{AE35A428-A8A2-40F0-A7C6-630B0DCFF10C}.Debug|x64.Build.0 = Debug|x64
		{AE35A428-A8A2-40F0-A7C6-630B0DCFF10C}.Debug|x86.ActiveCfg = Debug|Win32
		{AE35A428-A8A2-40F0-A7C6-630B0DCFF10C}.Debug|x86.Build.0 = Debug|Win32
		{AE35A428-A8A2-40F0-A7C6-630B0DCFF10C}.Release|x64.ActiveCfg = Release|x64
		{AE35A428-A8A2-40F0-A7C6-630B0DCFF10C}.Release|x64.Build.0 = Release|x64
		{AE35A428-A8A2-40F0-A7C6-630B0DCFF10C}.Release|x86.ActiveCfg = Release|Win32
		{AE35A428-A8A2-40F0-A7C6-630B0DCFF10C}.Release|x86.Build.0 = Release|Win32
		{FBB68349-7F92-45FC-8C1F-0BF1606F57C6}.Debug|x64.ActiveCfg = Debug|x64
		{FBB68349-7F92-45FC-8C1F-0BF1606F57C6}.Debug|x64.Build.0 = Debug|x64
		{FBB68349-7F92-45FC-8C1F-0BF1606F57C6}.Debug|x86.ActiveCfg = Debug|Win32
		{FBB68349-7F92-45FC-8C1F-0BF1606F57C6}.Debug|x86.Build.0 = Debug|Win32
		{FBB68349-7F92-45FC-8C1F-0BF1606F57C6}.Release|x64.ActiveCfg = Release|x64
		{FBB68349-7F92-45FC-8C1F-0BF1606F57C6}.Release|x64.Build.0 = Release|x64
		{FBB68349-7F92-45FC-8C1F-0BF1606F57C6}.Release|x86.ActiveCfg = Release|Win32
		{FBB68349-7F92-45FC-8C1F-0BF1606F57C6}.Release|x86.Build.0 = Release|Win32
		{7657C155-2926-4432-8298-AFB672426424}.Debug|x64.ActiveCfg = Debug|x64
		{7657C155-2926-4432-8298-AFB672426424}.Debug|x64.Build.0 = Debug|x64
		{7657C155-2926-4432-8298-AFB672426424}.Debug|x86.ActiveCfg = Debug|Win32
		{7657C155-2926-4432-8298-AFB672426424}.Debug|x86.Build.0 = Debug|Win32
		{7657C155-2926-4432-8298-AFB672426424}.Release|x64.ActiveCfg = Release|x64
		{7657C155-2926-4432-8298-AFB672426424}.Release|x64.Build.0 = Release|x64
		{7657C155-2926-4432-8298-AFB672426424}.Release|x86.ActiveCfg = Release|Win32
		{7657C155-2926-4432-8298-AFB672426424}.Release|x86.Build.0 = Release|Win32
		{EF38A5A1-50F5-48B5-8BBE-38CD19BDA08D}.Debug|x64.ActiveCfg = Debug|x64
		{EF38A5A1-50F5-48B5-8BBE-38CD19BDA08D}.Debug|x64.Build.0 = Debug|x64
		{EF38A5A1-50F5-48B5-8BBE-38CD19BDA08D}.Debug|x86.ActiveCfg = Debug|Win32
		{EF38A5A1-50F5-48B5-8BBE-38CD19BDA08D}.Debug|x86.Build.0 = Debug|Win32
		{EF38A5A1-50F5-48B5-8BBE-38CD19BDA08D}.Release|x64.ActiveCfg = Release|x64
		{EF38A5A1-50F5-48B5-8BBE-38CD19BDA08D}.Release|x64.Build.0 = Release|x64
		{EF38A5A1-50F5-48B5-8BBE-38CD19BDA08D}.Release|x86.ActiveCfg = Release|Win32
		{EF38A5A1-50F5-48B5-8BBE-38CD19BDA08D}.Release|x86.Build.0 = Release|Win32
	EndGlobalSection
	GlobalSection(SolutionProperties) = preSolution
		HideSolutionNode = FALSE
	EndGlobalSection
	GlobalSection(ExtensibilityGlobals) = postSolution
		SolutionGuid = {60AA20B8-0994-4536-AE5B-C28CC3EE4086}
	EndGlobalSection
EndGlobal
