
Microsoft Visual Studio Solution File, Format Version 12.00
# Visual Studio Version 17
VisualStudioVersion = 17.3.32922.545
MinimumVisualStudioVersion = 10.0.40219.1
Project("{8BC9CEB8-8B4A-11D0-8D11-00A0C91BC942}") = "18", "18\18.vcxproj", "{91987C15-66C0-4A21-B008-31756736FDE4}"
EndProject
Project("{8BC9CEB8-8B4A-11D0-8D11-00A0C91BC942}") = "19", "19\19.vcxproj", "{83ADF3BA-B089-4E8B-8086-502DCF17AA63}"
EndProject
Project("{8BC9CEB8-8B4A-11D0-8D11-00A0C91BC942}") = "20", "20\20.vcxproj", "{CF047C9B-4ADF-415F-A83E-CF8E95F5C7DD}"
EndProject
Project("{8BC9CEB8-8B4A-11D0-8D11-00A0C91BC942}") = "21", "21\21.vcxproj", "{644A348E-94FB-41B8-BE98-66F0D3ADB177}"
EndProject
Project("{8BC9CEB8-8B4A-11D0-8D11-00A0C91BC942}") = "22", "22\22.vcxproj", "{98F9DD61-3AE9-4B4D-9863-F52D8E414123}"
EndProject
Project("{8BC9CEB8-8B4A-11D0-8D11-00A0C91BC942}") = "23", "23\23.vcxproj", "{314BFC6A-78BB-49F8-BEB3-85215A6C9B99}"
EndProject
Project("{8BC9CEB8-8B4A-11D0-8D11-00A0C91BC942}") = "24", "24\24.vcxproj", "{62192414-5FEE-431B-88A2-22B2459405E5}"
EndProject
Project("{8BC9CEB8-8B4A-11D0-8D11-00A0C91BC942}") = "Relationship-Array-Pointes", "Relationship-Array-Pointes\Relationship-Array-Pointes.vcxproj", "{B7EEDB7A-A72A-41B3-B141-3F05180BDD47}"
EndProject
Global
	GlobalSection(SolutionConfigurationPlatforms) = preSolution
		Debug|x64 = Debug|x64
		Debug|x86 = Debug|x86
		Release|x64 = Release|x64
		Release|x86 = Release|x86
	EndGlobalSection
	GlobalSection(ProjectConfigurationPlatforms) = postSolution
		{91987C15-66C0-4A21-B008-31756736FDE4}.Debug|x64.ActiveCfg = Debug|x64
		{91987C15-66C0-4A21-B008-31756736FDE4}.Debug|x64.Build.0 = Debug|x64
		{91987C15-66C0-4A21-B008-31756736FDE4}.Debug|x86.ActiveCfg = Debug|Win32
		{91987C15-66C0-4A21-B008-31756736FDE4}.Debug|x86.Build.0 = Debug|Win32
		{91987C15-66C0-4A21-B008-31756736FDE4}.Release|x64.ActiveCfg = Release|x64
		{91987C15-66C0-4A21-B008-31756736FDE4}.Release|x64.Build.0 = Release|x64
		{91987C15-66C0-4A21-B008-31756736FDE4}.Release|x86.ActiveCfg = Release|Win32
		{91987C15-66C0-4A21-B008-31756736FDE4}.Release|x86.Build.0 = Release|Win32
		{83ADF3BA-B089-4E8B-8086-502DCF17AA63}.Debug|x64.ActiveCfg = Debug|x64
		{83ADF3BA-B089-4E8B-8086-502DCF17AA63}.Debug|x64.Build.0 = Debug|x64
		{83ADF3BA-B089-4E8B-8086-502DCF17AA63}.Debug|x86.ActiveCfg = Debug|Win32
		{83ADF3BA-B089-4E8B-8086-502DCF17AA63}.Debug|x86.Build.0 = Debug|Win32
		{83ADF3BA-B089-4E8B-8086-502DCF17AA63}.Release|x64.ActiveCfg = Release|x64
		{83ADF3BA-B089-4E8B-8086-502DCF17AA63}.Release|x64.Build.0 = Release|x64
		{83ADF3BA-B089-4E8B-8086-502DCF17AA63}.Release|x86.ActiveCfg = Release|Win32
		{83ADF3BA-B089-4E8B-8086-502DCF17AA63}.Release|x86.Build.0 = Release|Win32
		{CF047C9B-4ADF-415F-A83E-CF8E95F5C7DD}.Debug|x64.ActiveCfg = Debug|x64
		{CF047C9B-4ADF-415F-A83E-CF8E95F5C7DD}.Debug|x64.Build.0 = Debug|x64
		{CF047C9B-4ADF-415F-A83E-CF8E95F5C7DD}.Debug|x86.ActiveCfg = Debug|Win32
		{CF047C9B-4ADF-415F-A83E-CF8E95F5C7DD}.Debug|x86.Build.0 = Debug|Win32
		{CF047C9B-4ADF-415F-A83E-CF8E95F5C7DD}.Release|x64.ActiveCfg = Release|x64
		{CF047C9B-4ADF-415F-A83E-CF8E95F5C7DD}.Release|x64.Build.0 = Release|x64
		{CF047C9B-4ADF-415F-A83E-CF8E95F5C7DD}.Release|x86.ActiveCfg = Release|Win32
		{CF047C9B-4ADF-415F-A83E-CF8E95F5C7DD}.Release|x86.Build.0 = Release|Win32
		{644A348E-94FB-41B8-BE98-66F0D3ADB177}.Debug|x64.ActiveCfg = Debug|x64
		{644A348E-94FB-41B8-BE98-66F0D3ADB177}.Debug|x64.Build.0 = Debug|x64
		{644A348E-94FB-41B8-BE98-66F0D3ADB177}.Debug|x86.ActiveCfg = Debug|Win32
		{644A348E-94FB-41B8-BE98-66F0D3ADB177}.Debug|x86.Build.0 = Debug|Win32
		{644A348E-94FB-41B8-BE98-66F0D3ADB177}.Release|x64.ActiveCfg = Release|x64
		{644A348E-94FB-41B8-BE98-66F0D3ADB177}.Release|x64.Build.0 = Release|x64
		{644A348E-94FB-41B8-BE98-66F0D3ADB177}.Release|x86.ActiveCfg = Release|Win32
		{644A348E-94FB-41B8-BE98-66F0D3ADB177}.Release|x86.Build.0 = Release|Win32
		{98F9DD61-3AE9-4B4D-9863-F52D8E414123}.Debug|x64.ActiveCfg = Debug|x64
		{98F9DD61-3AE9-4B4D-9863-F52D8E414123}.Debug|x64.Build.0 = Debug|x64
		{98F9DD61-3AE9-4B4D-9863-F52D8E414123}.Debug|x86.ActiveCfg = Debug|Win32
		{98F9DD61-3AE9-4B4D-9863-F52D8E414123}.Debug|x86.Build.0 = Debug|Win32
		{98F9DD61-3AE9-4B4D-9863-F52D8E414123}.Release|x64.ActiveCfg = Release|x64
		{98F9DD61-3AE9-4B4D-9863-F52D8E414123}.Release|x64.Build.0 = Release|x64
		{98F9DD61-3AE9-4B4D-9863-F52D8E414123}.Release|x86.ActiveCfg = Release|Win32
		{98F9DD61-3AE9-4B4D-9863-F52D8E414123}.Release|x86.Build.0 = Release|Win32
		{314BFC6A-78BB-49F8-BEB3-85215A6C9B99}.Debug|x64.ActiveCfg = Debug|x64
		{314BFC6A-78BB-49F8-BEB3-85215A6C9B99}.Debug|x64.Build.0 = Debug|x64
		{314BFC6A-78BB-49F8-BEB3-85215A6C9B99}.Debug|x86.ActiveCfg = Debug|Win32
		{314BFC6A-78BB-49F8-BEB3-85215A6C9B99}.Debug|x86.Build.0 = Debug|Win32
		{314BFC6A-78BB-49F8-BEB3-85215A6C9B99}.Release|x64.ActiveCfg = Release|x64
		{314BFC6A-78BB-49F8-BEB3-85215A6C9B99}.Release|x64.Build.0 = Release|x64
		{314BFC6A-78BB-49F8-BEB3-85215A6C9B99}.Release|x86.ActiveCfg = Release|Win32
		{314BFC6A-78BB-49F8-BEB3-85215A6C9B99}.Release|x86.Build.0 = Release|Win32
		{62192414-5FEE-431B-88A2-22B2459405E5}.Debug|x64.ActiveCfg = Debug|x64
		{62192414-5FEE-431B-88A2-22B2459405E5}.Debug|x64.Build.0 = Debug|x64
		{62192414-5FEE-431B-88A2-22B2459405E5}.Debug|x86.ActiveCfg = Debug|Win32
		{62192414-5FEE-431B-88A2-22B2459405E5}.Debug|x86.Build.0 = Debug|Win32
		{62192414-5FEE-431B-88A2-22B2459405E5}.Release|x64.ActiveCfg = Release|x64
		{62192414-5FEE-431B-88A2-22B2459405E5}.Release|x64.Build.0 = Release|x64
		{62192414-5FEE-431B-88A2-22B2459405E5}.Release|x86.ActiveCfg = Release|Win32
		{62192414-5FEE-431B-88A2-22B2459405E5}.Release|x86.Build.0 = Release|Win32
		{B7EEDB7A-A72A-41B3-B141-3F05180BDD47}.Debug|x64.ActiveCfg = Debug|x64
		{B7EEDB7A-A72A-41B3-B141-3F05180BDD47}.Debug|x64.Build.0 = Debug|x64
		{B7EEDB7A-A72A-41B3-B141-3F05180BDD47}.Debug|x86.ActiveCfg = Debug|Win32
		{B7EEDB7A-A72A-41B3-B141-3F05180BDD47}.Debug|x86.Build.0 = Debug|Win32
		{B7EEDB7A-A72A-41B3-B141-3F05180BDD47}.Release|x64.ActiveCfg = Release|x64
		{B7EEDB7A-A72A-41B3-B141-3F05180BDD47}.Release|x64.Build.0 = Release|x64
		{B7EEDB7A-A72A-41B3-B141-3F05180BDD47}.Release|x86.ActiveCfg = Release|Win32
		{B7EEDB7A-A72A-41B3-B141-3F05180BDD47}.Release|x86.Build.0 = Release|Win32
	EndGlobalSection
	GlobalSection(SolutionProperties) = preSolution
		HideSolutionNode = FALSE
	EndGlobalSection
	GlobalSection(ExtensibilityGlobals) = postSolution
		SolutionGuid = {3B874912-4647-4D49-951C-2FCE011FF011}
	EndGlobalSection
EndGlobal
