
Microsoft Visual Studio Solution File, Format Version 12.00
# Visual Studio Version 17
VisualStudioVersion = 17.4.33103.184
MinimumVisualStudioVersion = 10.0.40219.1
Project("{8BC9CEB8-8B4A-11D0-8D11-00A0C91BC942}") = "1", "1\1.vcxproj", "{7F147FBD-8083-4DC3-A5C7-C6F9D6AD374F}"
EndProject
Project("{8BC9CEB8-8B4A-11D0-8D11-00A0C91BC942}") = "2", "2\2.vcxproj", "{68B5FC2B-993B-4CD3-BFAF-911E57764173}"
EndProject
Project("{8BC9CEB8-8B4A-11D0-8D11-00A0C91BC942}") = "3", "3\3.vcxproj", "{4856E5AA-4102-4215-AF16-CFA60A2D9F0B}"
EndProject
Project("{8BC9CEB8-8B4A-11D0-8D11-00A0C91BC942}") = "4", "4\4.vcxproj", "{48E2F1DF-188F-4907-BEC3-43792208847E}"
EndProject
Project("{8BC9CEB8-8B4A-11D0-8D11-00A0C91BC942}") = "5", "5\5.vcxproj", "{8D0637E3-3C2F-418B-99EF-D248E870F1CE}"
EndProject
Project("{8BC9CEB8-8B4A-11D0-8D11-00A0C91BC942}") = "6", "6\6.vcxproj", "{4B1CA78D-921B-408C-B120-830E1C261947}"
EndProject
Project("{8BC9CEB8-8B4A-11D0-8D11-00A0C91BC942}") = "7", "7\7.vcxproj", "{1D294743-8E87-468F-A366-18C2BE272BFB}"
EndProject
Project("{8BC9CEB8-8B4A-11D0-8D11-00A0C91BC942}") = "8", "8\8.vcxproj", "{34289CE1-BF30-42EE-82F2-919419E725C0}"
EndProject
Global
	GlobalSection(SolutionConfigurationPlatforms) = preSolution
		Debug|x64 = Debug|x64
		Debug|x86 = Debug|x86
		Release|x64 = Release|x64
		Release|x86 = Release|x86
	EndGlobalSection
	GlobalSection(ProjectConfigurationPlatforms) = postSolution
		{7F147FBD-8083-4DC3-A5C7-C6F9D6AD374F}.Debug|x64.ActiveCfg = Debug|x64
		{7F147FBD-8083-4DC3-A5C7-C6F9D6AD374F}.Debug|x64.Build.0 = Debug|x64
		{7F147FBD-8083-4DC3-A5C7-C6F9D6AD374F}.Debug|x86.ActiveCfg = Debug|Win32
		{7F147FBD-8083-4DC3-A5C7-C6F9D6AD374F}.Debug|x86.Build.0 = Debug|Win32
		{7F147FBD-8083-4DC3-A5C7-C6F9D6AD374F}.Release|x64.ActiveCfg = Release|x64
		{7F147FBD-8083-4DC3-A5C7-C6F9D6AD374F}.Release|x64.Build.0 = Release|x64
		{7F147FBD-8083-4DC3-A5C7-C6F9D6AD374F}.Release|x86.ActiveCfg = Release|Win32
		{7F147FBD-8083-4DC3-A5C7-C6F9D6AD374F}.Release|x86.Build.0 = Release|Win32
		{68B5FC2B-993B-4CD3-BFAF-911E57764173}.Debug|x64.ActiveCfg = Debug|x64
		{68B5FC2B-993B-4CD3-BFAF-911E57764173}.Debug|x64.Build.0 = Debug|x64
		{68B5FC2B-993B-4CD3-BFAF-911E57764173}.Debug|x86.ActiveCfg = Debug|Win32
		{68B5FC2B-993B-4CD3-BFAF-911E57764173}.Debug|x86.Build.0 = Debug|Win32
		{68B5FC2B-993B-4CD3-BFAF-911E57764173}.Release|x64.ActiveCfg = Release|x64
		{68B5FC2B-993B-4CD3-BFAF-911E57764173}.Release|x64.Build.0 = Release|x64
		{68B5FC2B-993B-4CD3-BFAF-911E57764173}.Release|x86.ActiveCfg = Release|Win32
		{68B5FC2B-993B-4CD3-BFAF-911E57764173}.Release|x86.Build.0 = Release|Win32
		{4856E5AA-4102-4215-AF16-CFA60A2D9F0B}.Debug|x64.ActiveCfg = Debug|x64
		{4856E5AA-4102-4215-AF16-CFA60A2D9F0B}.Debug|x64.Build.0 = Debug|x64
		{4856E5AA-4102-4215-AF16-CFA60A2D9F0B}.Debug|x86.ActiveCfg = Debug|Win32
		{4856E5AA-4102-4215-AF16-CFA60A2D9F0B}.Debug|x86.Build.0 = Debug|Win32
		{4856E5AA-4102-4215-AF16-CFA60A2D9F0B}.Release|x64.ActiveCfg = Release|x64
		{4856E5AA-4102-4215-AF16-CFA60A2D9F0B}.Release|x64.Build.0 = Release|x64
		{4856E5AA-4102-4215-AF16-CFA60A2D9F0B}.Release|x86.ActiveCfg = Release|Win32
		{4856E5AA-4102-4215-AF16-CFA60A2D9F0B}.Release|x86.Build.0 = Release|Win32
		{48E2F1DF-188F-4907-BEC3-43792208847E}.Debug|x64.ActiveCfg = Debug|x64
		{48E2F1DF-188F-4907-BEC3-43792208847E}.Debug|x64.Build.0 = Debug|x64
		{48E2F1DF-188F-4907-BEC3-43792208847E}.Debug|x86.ActiveCfg = Debug|Win32
		{48E2F1DF-188F-4907-BEC3-43792208847E}.Debug|x86.Build.0 = Debug|Win32
		{48E2F1DF-188F-4907-BEC3-43792208847E}.Release|x64.ActiveCfg = Release|x64
		{48E2F1DF-188F-4907-BEC3-43792208847E}.Release|x64.Build.0 = Release|x64
		{48E2F1DF-188F-4907-BEC3-43792208847E}.Release|x86.ActiveCfg = Release|Win32
		{48E2F1DF-188F-4907-BEC3-43792208847E}.Release|x86.Build.0 = Release|Win32
		{8D0637E3-3C2F-418B-99EF-D248E870F1CE}.Debug|x64.ActiveCfg = Debug|x64
		{8D0637E3-3C2F-418B-99EF-D248E870F1CE}.Debug|x64.Build.0 = Debug|x64
		{8D0637E3-3C2F-418B-99EF-D248E870F1CE}.Debug|x86.ActiveCfg = Debug|Win32
		{8D0637E3-3C2F-418B-99EF-D248E870F1CE}.Debug|x86.Build.0 = Debug|Win32
		{8D0637E3-3C2F-418B-99EF-D248E870F1CE}.Release|x64.ActiveCfg = Release|x64
		{8D0637E3-3C2F-418B-99EF-D248E870F1CE}.Release|x64.Build.0 = Release|x64
		{8D0637E3-3C2F-418B-99EF-D248E870F1CE}.Release|x86.ActiveCfg = Release|Win32
		{8D0637E3-3C2F-418B-99EF-D248E870F1CE}.Release|x86.Build.0 = Release|Win32
		{4B1CA78D-921B-408C-B120-830E1C261947}.Debug|x64.ActiveCfg = Debug|x64
		{4B1CA78D-921B-408C-B120-830E1C261947}.Debug|x64.Build.0 = Debug|x64
		{4B1CA78D-921B-408C-B120-830E1C261947}.Debug|x86.ActiveCfg = Debug|Win32
		{4B1CA78D-921B-408C-B120-830E1C261947}.Debug|x86.Build.0 = Debug|Win32
		{4B1CA78D-921B-408C-B120-830E1C261947}.Release|x64.ActiveCfg = Release|x64
		{4B1CA78D-921B-408C-B120-830E1C261947}.Release|x64.Build.0 = Release|x64
		{4B1CA78D-921B-408C-B120-830E1C261947}.Release|x86.ActiveCfg = Release|Win32
		{4B1CA78D-921B-408C-B120-830E1C261947}.Release|x86.Build.0 = Release|Win32
		{1D294743-8E87-468F-A366-18C2BE272BFB}.Debug|x64.ActiveCfg = Debug|x64
		{1D294743-8E87-468F-A366-18C2BE272BFB}.Debug|x64.Build.0 = Debug|x64
		{1D294743-8E87-468F-A366-18C2BE272BFB}.Debug|x86.ActiveCfg = Debug|Win32
		{1D294743-8E87-468F-A366-18C2BE272BFB}.Debug|x86.Build.0 = Debug|Win32
		{1D294743-8E87-468F-A366-18C2BE272BFB}.Release|x64.ActiveCfg = Release|x64
		{1D294743-8E87-468F-A366-18C2BE272BFB}.Release|x64.Build.0 = Release|x64
		{1D294743-8E87-468F-A366-18C2BE272BFB}.Release|x86.ActiveCfg = Release|Win32
		{1D294743-8E87-468F-A366-18C2BE272BFB}.Release|x86.Build.0 = Release|Win32
		{34289CE1-BF30-42EE-82F2-919419E725C0}.Debug|x64.ActiveCfg = Debug|x64
		{34289CE1-BF30-42EE-82F2-919419E725C0}.Debug|x64.Build.0 = Debug|x64
		{34289CE1-BF30-42EE-82F2-919419E725C0}.Debug|x86.ActiveCfg = Debug|Win32
		{34289CE1-BF30-42EE-82F2-919419E725C0}.Debug|x86.Build.0 = Debug|Win32
		{34289CE1-BF30-42EE-82F2-919419E725C0}.Release|x64.ActiveCfg = Release|x64
		{34289CE1-BF30-42EE-82F2-919419E725C0}.Release|x64.Build.0 = Release|x64
		{34289CE1-BF30-42EE-82F2-919419E725C0}.Release|x86.ActiveCfg = Release|Win32
		{34289CE1-BF30-42EE-82F2-919419E725C0}.Release|x86.Build.0 = Release|Win32
	EndGlobalSection
	GlobalSection(SolutionProperties) = preSolution
		HideSolutionNode = FALSE
	EndGlobalSection
	GlobalSection(ExtensibilityGlobals) = postSolution
		SolutionGuid = {411C4279-46BB-4E76-B375-87224204633F}
	EndGlobalSection
EndGlobal
